
Microsoft Visual Studio Solution File, Format Version 12.00
# Visual Studio 15
VisualStudioVersion = 15.0.28010.2036
MinimumVisualStudioVersion = 10.0.40219.1
Project("{9A19103F-16F7-4668-BE54-9A1E7A4F7556}") = "MichalBialecki.com.TestingExamples.ProductsProvider", "MichalBialecki.com.TestingExamples.ProductsProvider\MichalBialecki.com.TestingExamples.ProductsProvider.csproj", "{885BB657-FC4E-43C7-9D62-1E30A6115880}"
EndProject
Project("{2150E333-8FDC-42A3-9474-1A3956D46DE8}") = "Tests", "Tests", "{ED418C7B-2541-4F6F-99B7-74CEE84E642D}"
EndProject
Project("{FAE04EC0-301F-11D3-BF4B-00C04F79EFBC}") = "MichalBialecki.com.TestingExamples.ProductsProvider.Tests", "Tests\MichalBialecki.com.TestingExamples.ProductsProvider.Tests\MichalBialecki.com.TestingExamples.ProductsProvider.Tests.csproj", "{9E8439F3-0741-4D0B-A5F8-018C46EE910B}"
EndProject
Global
	GlobalSection(SolutionConfigurationPlatforms) = preSolution
		Debug|Any CPU = Debug|Any CPU
		Release|Any CPU = Release|Any CPU
	EndGlobalSection
	GlobalSection(ProjectConfigurationPlatforms) = postSolution
		{885BB657-FC4E-43C7-9D62-1E30A6115880}.Debug|Any CPU.ActiveCfg = Debug|Any CPU
		{885BB657-FC4E-43C7-9D62-1E30A6115880}.Debug|Any CPU.Build.0 = Debug|Any CPU
		{885BB657-FC4E-43C7-9D62-1E30A6115880}.Release|Any CPU.ActiveCfg = Release|Any CPU
		{885BB657-FC4E-43C7-9D62-1E30A6115880}.Release|Any CPU.Build.0 = Release|Any CPU
		{9E8439F3-0741-4D0B-A5F8-018C46EE910B}.Debug|Any CPU.ActiveCfg = Debug|Any CPU
		{9E8439F3-0741-4D0B-A5F8-018C46EE910B}.Debug|Any CPU.Build.0 = Debug|Any CPU
		{9E8439F3-0741-4D0B-A5F8-018C46EE910B}.Release|Any CPU.ActiveCfg = Release|Any CPU
		{9E8439F3-0741-4D0B-A5F8-018C46EE910B}.Release|Any CPU.Build.0 = Release|Any CPU
	EndGlobalSection
	GlobalSection(SolutionProperties) = preSolution
		HideSolutionNode = FALSE
	EndGlobalSection
	GlobalSection(NestedProjects) = preSolution
		{9E8439F3-0741-4D0B-A5F8-018C46EE910B} = {ED418C7B-2541-4F6F-99B7-74CEE84E642D}
	EndGlobalSection
	GlobalSection(ExtensibilityGlobals) = postSolution
		SolutionGuid = {C2AD62A9-16F7-4A86-9184-0EB046EA6CF8}
	EndGlobalSection
EndGlobal
